
Microsoft Visual Studio Solution File, Format Version 11.00
# Visual Studio 2010
Project("{8BC9CEB8-8B4A-11D0-8D11-00A0C91BC942}") = "cpp", "cpp.vcxproj", "{FB4E768C-C253-4EAD-BF47-F9FA5A78B23A}"
EndProject
Global
	GlobalSection(SolutionConfigurationPlatforms) = preSolution
		Debug|Win32 = Debug|Win32
		Release|Win32 = Release|Win32
	EndGlobalSection
	GlobalSection(ProjectConfigurationPlatforms) = postSolution
		{FB4E768C-C253-4EAD-BF47-F9FA5A78B23A}.Debug|Win32.ActiveCfg = Debug|Win32
		{FB4E768C-C253-4EAD-BF47-F9FA5A78B23A}.Debug|Win32.Build.0 = Debug|Win32
		{FB4E768C-C253-4EAD-BF47-F9FA5A78B23A}.Release|Win32.ActiveCfg = Release|Win32
		{FB4E768C-C253-4EAD-BF47-F9FA5A78B23A}.Release|Win32.Build.0 = Release|Win32
	EndGlobalSection
	GlobalSection(SolutionProperties) = preSolution
		HideSolutionNode = FALSE
	EndGlobalSection
EndGlobal
